
Microsoft Visual Studio Solution File, Format Version 12.00
# Visual Studio Version 17
VisualStudioVersion = 17.13.35825.156 d17.13
MinimumVisualStudioVersion = 10.0.40219.1
Project("{FAE04EC0-301F-11D3-BF4B-00C04F79EFBC}") = "WebApplicationMVC", "WebApplicationMVC.csproj", "{4A2A418E-18E4-4066-A08B-98B101D589A0}"
EndProject
Global
	GlobalSection(SolutionConfigurationPlatforms) = preSolution
		Debug|Any CPU = Debug|Any CPU
		Release|Any CPU = Release|Any CPU
	EndGlobalSection
	GlobalSection(ProjectConfigurationPlatforms) = postSolution
		{4A2A418E-18E4-4066-A08B-98B101D589A0}.Debug|Any CPU.ActiveCfg = Debug|Any CPU
		{4A2A418E-18E4-4066-A08B-98B101D589A0}.Debug|Any CPU.Build.0 = Debug|Any CPU
		{4A2A418E-18E4-4066-A08B-98B101D589A0}.Release|Any CPU.ActiveCfg = Release|Any CPU
		{4A2A418E-18E4-4066-A08B-98B101D589A0}.Release|Any CPU.Build.0 = Release|Any CPU
	EndGlobalSection
	GlobalSection(SolutionProperties) = preSolution
		HideSolutionNode = FALSE
	EndGlobalSection
	GlobalSection(ExtensibilityGlobals) = postSolution
		SolutionGuid = {DFEFFD6E-3AFF-446B-82BC-ADA48B93EE53}
	EndGlobalSection
EndGlobal
